// !$*UTF8*$!
{
	archiveVersion = 1;
	classes = {
	};
	objectVersion = 48;
	objects = {

/* Begin PBXBuildFile section */
		A91030411FBE8C49005F6179 /* PhotoAlblumViewController.swift in Sources */ = {isa = PBXBuildFile; fileRef = A91030401FBE8C49005F6179 /* PhotoAlblumViewController.swift */; };
		A91030431FBE8C74005F6179 /* FlickrConstants.swift in Sources */ = {isa = PBXBuildFile; fileRef = A91030421FBE8C74005F6179 /* FlickrConstants.swift */; };
		A91030451FBE8CBA005F6179 /* FlickrClient.swift in Sources */ = {isa = PBXBuildFile; fileRef = A91030441FBE8CBA005F6179 /* FlickrClient.swift */; };
		A91030471FBE8CE7005F6179 /* FlickrConvenience.swift in Sources */ = {isa = PBXBuildFile; fileRef = A91030461FBE8CE7005F6179 /* FlickrConvenience.swift */; };
		A91030491FBE8D23005F6179 /* PicGalleryViewController.swift in Sources */ = {isa = PBXBuildFile; fileRef = A91030481FBE8D23005F6179 /* PicGalleryViewController.swift */; };
		A910304B1FBE8D51005F6179 /* PhotoCell.swift in Sources */ = {isa = PBXBuildFile; fileRef = A910304A1FBE8D51005F6179 /* PhotoCell.swift */; };
		A910304D1FBE8D8C005F6179 /* FlickCoreDataManager.swift in Sources */ = {isa = PBXBuildFile; fileRef = A910304C1FBE8D8C005F6179 /* FlickCoreDataManager.swift */; };
		A910304F1FBE8DDB005F6179 /* CoreDataStackManager.swift in Sources */ = {isa = PBXBuildFile; fileRef = A910304E1FBE8DDB005F6179 /* CoreDataStackManager.swift */; };
		A919916C1FA58F9E004B1EBA /* Main.storyboard in Resources */ = {isa = PBXBuildFile; fileRef = A919916A1FA58F9E004B1EBA /* Main.storyboard */; };
		A919916E1FA58F9E004B1EBA /* Assets.xcassets in Resources */ = {isa = PBXBuildFile; fileRef = A919916D1FA58F9E004B1EBA /* Assets.xcassets */; };
		A91991711FA58F9E004B1EBA /* LaunchScreen.storyboard in Resources */ = {isa = PBXBuildFile; fileRef = A919916F1FA58F9E004B1EBA /* LaunchScreen.storyboard */; };
		A919917C1FA58F9E004B1EBA /* NewVirtualTourTests.swift in Sources */ = {isa = PBXBuildFile; fileRef = A919917B1FA58F9E004B1EBA /* NewVirtualTourTests.swift */; };
		A91991871FA58F9E004B1EBA /* NewVirtualTourUITests.swift in Sources */ = {isa = PBXBuildFile; fileRef = A91991861FA58F9E004B1EBA /* NewVirtualTourUITests.swift */; };
		A98EA5A41FBE8FF100717A4E /* Location.swift in Sources */ = {isa = PBXBuildFile; fileRef = A919919A1FA59523004B1EBA /* Location.swift */; };
		A98EA5A51FBE8FF400717A4E /* Photo.swift in Sources */ = {isa = PBXBuildFile; fileRef = A91991981FA59523004B1EBA /* Photo.swift */; };
/* End PBXBuildFile section */

/* Begin PBXContainerItemProxy section */
		A91991781FA58F9E004B1EBA /* PBXContainerItemProxy */ = {
			isa = PBXContainerItemProxy;
			containerPortal = A919915B1FA58F9E004B1EBA /* Project object */;
			proxyType = 1;
			remoteGlobalIDString = A91991621FA58F9E004B1EBA;
			remoteInfo = NewVirtualTour;
		};
		A91991831FA58F9E004B1EBA /* PBXContainerItemProxy */ = {
			isa = PBXContainerItemProxy;
			containerPortal = A919915B1FA58F9E004B1EBA /* Project object */;
			proxyType = 1;
			remoteGlobalIDString = A91991621FA58F9E004B1EBA;
			remoteInfo = NewVirtualTour;
		};
/* End PBXContainerItemProxy section */

/* Begin PBXFileReference section */
		A91030401FBE8C49005F6179 /* PhotoAlblumViewController.swift */ = {isa = PBXFileReference; lastKnownFileType = sourcecode.swift; path = PhotoAlblumViewController.swift; sourceTree = "<group>"; };
		A91030421FBE8C74005F6179 /* FlickrConstants.swift */ = {isa = PBXFileReference; lastKnownFileType = sourcecode.swift; path = FlickrConstants.swift; sourceTree = "<group>"; };
		A91030441FBE8CBA005F6179 /* FlickrClient.swift */ = {isa = PBXFileReference; lastKnownFileType = sourcecode.swift; path = FlickrClient.swift; sourceTree = "<group>"; };
		A91030461FBE8CE7005F6179 /* FlickrConvenience.swift */ = {isa = PBXFileReference; lastKnownFileType = sourcecode.swift; path = FlickrConvenience.swift; sourceTree = "<group>"; };
		A91030481FBE8D23005F6179 /* PicGalleryViewController.swift */ = {isa = PBXFileReference; lastKnownFileType = sourcecode.swift; path = PicGalleryViewController.swift; sourceTree = "<group>"; };
		A910304A1FBE8D51005F6179 /* PhotoCell.swift */ = {isa = PBXFileReference; lastKnownFileType = sourcecode.swift; path = PhotoCell.swift; sourceTree = "<group>"; };
		A910304C1FBE8D8C005F6179 /* FlickCoreDataManager.swift */ = {isa = PBXFileReference; lastKnownFileType = sourcecode.swift; path = FlickCoreDataManager.swift; sourceTree = "<group>"; };
		A910304E1FBE8DDB005F6179 /* CoreDataStackManager.swift */ = {isa = PBXFileReference; lastKnownFileType = sourcecode.swift; path = CoreDataStackManager.swift; sourceTree = "<group>"; };
		A91991631FA58F9E004B1EBA /* NewVirtualTour.app */ = {isa = PBXFileReference; explicitFileType = wrapper.application; includeInIndex = 0; path = NewVirtualTour.app; sourceTree = BUILT_PRODUCTS_DIR; };
		A91991661FA58F9E004B1EBA /* AppDelegate.swift */ = {isa = PBXFileReference; lastKnownFileType = sourcecode.swift; path = AppDelegate.swift; sourceTree = "<group>"; };
		A91991681FA58F9E004B1EBA /* ViewController.swift */ = {isa = PBXFileReference; lastKnownFileType = sourcecode.swift; path = ViewController.swift; sourceTree = "<group>"; };
		A919916B1FA58F9E004B1EBA /* Base */ = {isa = PBXFileReference; lastKnownFileType = file.storyboard; name = Base; path = Base.lproj/Main.storyboard; sourceTree = "<group>"; };
		A919916D1FA58F9E004B1EBA /* Assets.xcassets */ = {isa = PBXFileReference; lastKnownFileType = folder.assetcatalog; path = Assets.xcassets; sourceTree = "<group>"; };
		A91991701FA58F9E004B1EBA /* Base */ = {isa = PBXFileReference; lastKnownFileType = file.storyboard; name = Base; path = Base.lproj/LaunchScreen.storyboard; sourceTree = "<group>"; };
		A91991721FA58F9E004B1EBA /* Info.plist */ = {isa = PBXFileReference; lastKnownFileType = text.plist.xml; path = Info.plist; sourceTree = "<group>"; };
		A91991771FA58F9E004B1EBA /* NewVirtualTourTests.xctest */ = {isa = PBXFileReference; explicitFileType = wrapper.cfbundle; includeInIndex = 0; path = NewVirtualTourTests.xctest; sourceTree = BUILT_PRODUCTS_DIR; };
		A919917B1FA58F9E004B1EBA /* NewVirtualTourTests.swift */ = {isa = PBXFileReference; lastKnownFileType = sourcecode.swift; path = NewVirtualTourTests.swift; sourceTree = "<group>"; };
		A919917D1FA58F9E004B1EBA /* Info.plist */ = {isa = PBXFileReference; lastKnownFileType = text.plist.xml; path = Info.plist; sourceTree = "<group>"; };
		A91991821FA58F9E004B1EBA /* NewVirtualTourUITests.xctest */ = {isa = PBXFileReference; explicitFileType = wrapper.cfbundle; includeInIndex = 0; path = NewVirtualTourUITests.xctest; sourceTree = BUILT_PRODUCTS_DIR; };
		A91991861FA58F9E004B1EBA /* NewVirtualTourUITests.swift */ = {isa = PBXFileReference; lastKnownFileType = sourcecode.swift; path = NewVirtualTourUITests.swift; sourceTree = "<group>"; };
		A91991881FA58F9E004B1EBA /* Info.plist */ = {isa = PBXFileReference; lastKnownFileType = text.plist.xml; path = Info.plist; sourceTree = "<group>"; };
		A91991951FA59347004B1EBA /* Model.xcdatamodel */ = {isa = PBXFileReference; lastKnownFileType = wrapper.xcdatamodel; path = Model.xcdatamodel; sourceTree = "<group>"; };
		A91991981FA59523004B1EBA /* Photo.swift */ = {isa = PBXFileReference; lastKnownFileType = sourcecode.swift; path = Photo.swift; sourceTree = "<group>"; };
		A919919A1FA59523004B1EBA /* Location.swift */ = {isa = PBXFileReference; lastKnownFileType = sourcecode.swift; path = Location.swift; sourceTree = "<group>"; };
/* End PBXFileReference section */

/* Begin PBXFrameworksBuildPhase section */
		A91991601FA58F9E004B1EBA /* Frameworks */ = {
			isa = PBXFrameworksBuildPhase;
			buildActionMask = 2147483647;
			files = (
			);
			runOnlyForDeploymentPostprocessing = 0;
		};
		A91991741FA58F9E004B1EBA /* Frameworks */ = {
			isa = PBXFrameworksBuildPhase;
			buildActionMask = 2147483647;
			files = (
			);
			runOnlyForDeploymentPostprocessing = 0;
		};
		A919917F1FA58F9E004B1EBA /* Frameworks */ = {
			isa = PBXFrameworksBuildPhase;
			buildActionMask = 2147483647;
			files = (
			);
			runOnlyForDeploymentPostprocessing = 0;
		};
/* End PBXFrameworksBuildPhase section */

/* Begin PBXGroup section */
		A910303F1FBE8C0F005F6179 /* Controller */ = {
			isa = PBXGroup;
			children = (
				A91030401FBE8C49005F6179 /* PhotoAlblumViewController.swift */,
				A91030421FBE8C74005F6179 /* FlickrConstants.swift */,
				A91030441FBE8CBA005F6179 /* FlickrClient.swift */,
				A91030461FBE8CE7005F6179 /* FlickrConvenience.swift */,
				A91030481FBE8D23005F6179 /* PicGalleryViewController.swift */,
				A910304A1FBE8D51005F6179 /* PhotoCell.swift */,
			);
			path = Controller;
			sourceTree = "<group>";
		};
		A919915A1FA58F9E004B1EBA = {
			isa = PBXGroup;
			children = (
				A910303F1FBE8C0F005F6179 /* Controller */,
				A91991971FA59386004B1EBA /* Model */,
				A91991651FA58F9E004B1EBA /* NewVirtualTour */,
				A919917A1FA58F9E004B1EBA /* NewVirtualTourTests */,
				A91991851FA58F9E004B1EBA /* NewVirtualTourUITests */,
				A91991641FA58F9E004B1EBA /* Products */,
			);
			sourceTree = "<group>";
		};
		A91991641FA58F9E004B1EBA /* Products */ = {
			isa = PBXGroup;
			children = (
				A91991631FA58F9E004B1EBA /* NewVirtualTour.app */,
				A91991771FA58F9E004B1EBA /* NewVirtualTourTests.xctest */,
				A91991821FA58F9E004B1EBA /* NewVirtualTourUITests.xctest */,
			);
			name = Products;
			sourceTree = "<group>";
		};
		A91991651FA58F9E004B1EBA /* NewVirtualTour */ = {
			isa = PBXGroup;
			children = (
				A91991661FA58F9E004B1EBA /* AppDelegate.swift */,
				A91991681FA58F9E004B1EBA /* ViewController.swift */,
				A919916A1FA58F9E004B1EBA /* Main.storyboard */,
				A919916D1FA58F9E004B1EBA /* Assets.xcassets */,
				A919916F1FA58F9E004B1EBA /* LaunchScreen.storyboard */,
				A91991721FA58F9E004B1EBA /* Info.plist */,
			);
			path = NewVirtualTour;
			sourceTree = "<group>";
		};
		A919917A1FA58F9E004B1EBA /* NewVirtualTourTests */ = {
			isa = PBXGroup;
			children = (
				A919917B1FA58F9E004B1EBA /* NewVirtualTourTests.swift */,
				A919917D1FA58F9E004B1EBA /* Info.plist */,
			);
			path = NewVirtualTourTests;
			sourceTree = "<group>";
		};
		A91991851FA58F9E004B1EBA /* NewVirtualTourUITests */ = {
			isa = PBXGroup;
			children = (
				A91991861FA58F9E004B1EBA /* NewVirtualTourUITests.swift */,
				A91991881FA58F9E004B1EBA /* Info.plist */,
			);
			path = NewVirtualTourUITests;
			sourceTree = "<group>";
		};
		A91991971FA59386004B1EBA /* Model */ = {
			isa = PBXGroup;
			children = (
				A91991981FA59523004B1EBA /* Photo.swift */,
				A919919A1FA59523004B1EBA /* Location.swift */,
				A91991941FA59347004B1EBA /* Model.xcdatamodeld */,
				A910304C1FBE8D8C005F6179 /* FlickCoreDataManager.swift */,
				A910304E1FBE8DDB005F6179 /* CoreDataStackManager.swift */,
			);
			path = Model;
			sourceTree = "<group>";
		};
/* End PBXGroup section */

/* Begin PBXNativeTarget section */
		A91991621FA58F9E004B1EBA /* NewVirtualTour */ = {
			isa = PBXNativeTarget;
			buildConfigurationList = A919918B1FA58F9F004B1EBA /* Build configuration list for PBXNativeTarget "NewVirtualTour" */;
			buildPhases = (
				A919915F1FA58F9E004B1EBA /* Sources */,
				A91991601FA58F9E004B1EBA /* Frameworks */,
				A91991611FA58F9E004B1EBA /* Resources */,
			);
			buildRules = (
			);
			dependencies = (
			);
			name = NewVirtualTour;
			productName = NewVirtualTour;
			productReference = A91991631FA58F9E004B1EBA /* NewVirtualTour.app */;
			productType = "com.apple.product-type.application";
		};
		A91991761FA58F9E004B1EBA /* NewVirtualTourTests */ = {
			isa = PBXNativeTarget;
			buildConfigurationList = A919918E1FA58F9F004B1EBA /* Build configuration list for PBXNativeTarget "NewVirtualTourTests" */;
			buildPhases = (
				A91991731FA58F9E004B1EBA /* Sources */,
				A91991741FA58F9E004B1EBA /* Frameworks */,
				A91991751FA58F9E004B1EBA /* Resources */,
			);
			buildRules = (
			);
			dependencies = (
				A91991791FA58F9E004B1EBA /* PBXTargetDependency */,
			);
			name = NewVirtualTourTests;
			productName = NewVirtualTourTests;
			productReference = A91991771FA58F9E004B1EBA /* NewVirtualTourTests.xctest */;
			productType = "com.apple.product-type.bundle.unit-test";
		};
		A91991811FA58F9E004B1EBA /* NewVirtualTourUITests */ = {
			isa = PBXNativeTarget;
			buildConfigurationList = A91991911FA58F9F004B1EBA /* Build configuration list for PBXNativeTarget "NewVirtualTourUITests" */;
			buildPhases = (
				A919917E1FA58F9E004B1EBA /* Sources */,
				A919917F1FA58F9E004B1EBA /* Frameworks */,
				A91991801FA58F9E004B1EBA /* Resources */,
			);
			buildRules = (
			);
			dependencies = (
				A91991841FA58F9E004B1EBA /* PBXTargetDependency */,
			);
			name = NewVirtualTourUITests;
			productName = NewVirtualTourUITests;
			productReference = A91991821FA58F9E004B1EBA /* NewVirtualTourUITests.xctest */;
			productType = "com.apple.product-type.bundle.ui-testing";
		};
/* End PBXNativeTarget section */

/* Begin PBXProject section */
		A919915B1FA58F9E004B1EBA /* Project object */ = {
			isa = PBXProject;
			attributes = {
				LastSwiftUpdateCheck = 0900;
				LastUpgradeCheck = 0900;
				ORGANIZATIONNAME = CeceMobile;
				TargetAttributes = {
					A91991621FA58F9E004B1EBA = {
						CreatedOnToolsVersion = 9.0.1;
						LastSwiftMigration = 0910;
						ProvisioningStyle = Automatic;
					};
					A91991761FA58F9E004B1EBA = {
						CreatedOnToolsVersion = 9.0.1;
						ProvisioningStyle = Automatic;
						TestTargetID = A91991621FA58F9E004B1EBA;
					};
					A91991811FA58F9E004B1EBA = {
						CreatedOnToolsVersion = 9.0.1;
						ProvisioningStyle = Automatic;
						TestTargetID = A91991621FA58F9E004B1EBA;
					};
				};
			};
			buildConfigurationList = A919915E1FA58F9E004B1EBA /* Build configuration list for PBXProject "NewVirtualTour" */;
			compatibilityVersion = "Xcode 8.0";
			developmentRegion = en;
			hasScannedForEncodings = 0;
			knownRegions = (
				en,
				Base,
			);
			mainGroup = A919915A1FA58F9E004B1EBA;
			productRefGroup = A91991641FA58F9E004B1EBA /* Products */;
			projectDirPath = "";
			projectRoot = "";
			targets = (
				A91991621FA58F9E004B1EBA /* NewVirtualTour */,
				A91991761FA58F9E004B1EBA /* NewVirtualTourTests */,
				A91991811FA58F9E004B1EBA /* NewVirtualTourUITests */,
			);
		};
/* End PBXProject section */

/* Begin PBXResourcesBuildPhase section */
		A91991611FA58F9E004B1EBA /* Resources */ = {
			isa = PBXResourcesBuildPhase;
			buildActionMask = 2147483647;
			files = (
				A91991711FA58F9E004B1EBA /* LaunchScreen.storyboard in Resources */,
				A919916E1FA58F9E004B1EBA /* Assets.xcassets in Resources */,
				A919916C1FA58F9E004B1EBA /* Main.storyboard in Resources */,
			);
			runOnlyForDeploymentPostprocessing = 0;
		};
		A91991751FA58F9E004B1EBA /* Resources */ = {
			isa = PBXResourcesBuildPhase;
			buildActionMask = 2147483647;
			files = (
			);
			runOnlyForDeploymentPostprocessing = 0;
		};
		A91991801FA58F9E004B1EBA /* Resources */ = {
			isa = PBXResourcesBuildPhase;
			buildActionMask = 2147483647;
			files = (
			);
			runOnlyForDeploymentPostprocessing = 0;
		};
/* End PBXResourcesBuildPhase section */

/* Begin PBXSourcesBuildPhase section */
		A919915F1FA58F9E004B1EBA /* Sources */ = {
			isa = PBXSourcesBuildPhase;
			buildActionMask = 2147483647;
			files = (
				A91030431FBE8C74005F6179 /* FlickrConstants.swift in Sources */,
				A910304F1FBE8DDB005F6179 /* CoreDataStackManager.swift in Sources */,
				A91030491FBE8D23005F6179 /* PicGalleryViewController.swift in Sources */,
				A910304D1FBE8D8C005F6179 /* FlickCoreDataManager.swift in Sources */,
				A98EA5A51FBE8FF400717A4E /* Photo.swift in Sources */,
				A98EA5A41FBE8FF100717A4E /* Location.swift in Sources */,
				A91030411FBE8C49005F6179 /* PhotoAlblumViewController.swift in Sources */,
				A91030471FBE8CE7005F6179 /* FlickrConvenience.swift in Sources */,
				A910304B1FBE8D51005F6179 /* PhotoCell.swift in Sources */,
				A91030451FBE8CBA005F6179 /* FlickrClient.swift in Sources */,
			);
			runOnlyForDeploymentPostprocessing = 0;
		};
		A91991731FA58F9E004B1EBA /* Sources */ = {
			isa = PBXSourcesBuildPhase;
			buildActionMask = 2147483647;
			files = (
				A919917C1FA58F9E004B1EBA /* NewVirtualTourTests.swift in Sources */,
			);
			runOnlyForDeploymentPostprocessing = 0;
		};
		A919917E1FA58F9E004B1EBA /* Sources */ = {
			isa = PBXSourcesBuildPhase;
			buildActionMask = 2147483647;
			files = (
				A91991871FA58F9E004B1EBA /* NewVirtualTourUITests.swift in Sources */,
			);
			runOnlyForDeploymentPostprocessing = 0;
		};
/* End PBXSourcesBuildPhase section */

/* Begin PBXTargetDependency section */
		A91991791FA58F9E004B1EBA /* PBXTargetDependency */ = {
			isa = PBXTargetDependency;
			target = A91991621FA58F9E004B1EBA /* NewVirtualTour */;
			targetProxy = A91991781FA58F9E004B1EBA /* PBXContainerItemProxy */;
		};
		A91991841FA58F9E004B1EBA /* PBXTargetDependency */ = {
			isa = PBXTargetDependency;
			target = A91991621FA58F9E004B1EBA /* NewVirtualTour */;
			targetProxy = A91991831FA58F9E004B1EBA /* PBXContainerItemProxy */;
		};
/* End PBXTargetDependency section */

/* Begin PBXVariantGroup section */
		A919916A1FA58F9E004B1EBA /* Main.storyboard */ = {
			isa = PBXVariantGroup;
			children = (
				A919916B1FA58F9E004B1EBA /* Base */,
			);
			name = Main.storyboard;
			sourceTree = "<group>";
		};
		A919916F1FA58F9E004B1EBA /* LaunchScreen.storyboard */ = {
			isa = PBXVariantGroup;
			children = (
				A91991701FA58F9E004B1EBA /* Base */,
			);
			name = LaunchScreen.storyboard;
			sourceTree = "<group>";
		};
/* End PBXVariantGroup section */

/* Begin XCBuildConfiguration section */
		A91991891FA58F9F004B1EBA /* Debug */ = {
			isa = XCBuildConfiguration;
			buildSettings = {
				ALWAYS_SEARCH_USER_PATHS = NO;
				CLANG_ANALYZER_NONNULL = YES;
				CLANG_ANALYZER_NUMBER_OBJECT_CONVERSION = YES_AGGRESSIVE;
				CLANG_CXX_LANGUAGE_STANDARD = "gnu++14";
				CLANG_CXX_LIBRARY = "libc++";
				CLANG_ENABLE_MODULES = YES;
				CLANG_ENABLE_OBJC_ARC = YES;
				CLANG_WARN_BLOCK_CAPTURE_AUTORELEASING = YES;
				CLANG_WARN_BOOL_CONVERSION = YES;
				CLANG_WARN_COMMA = YES;
				CLANG_WARN_CONSTANT_CONVERSION = YES;
				CLANG_WARN_DIRECT_OBJC_ISA_USAGE = YES_ERROR;
				CLANG_WARN_DOCUMENTATION_COMMENTS = YES;
				CLANG_WARN_EMPTY_BODY = YES;
				CLANG_WARN_ENUM_CONVERSION = YES;
				CLANG_WARN_INFINITE_RECURSION = YES;
				CLANG_WARN_INT_CONVERSION = YES;
				CLANG_WARN_NON_LITERAL_NULL_CONVERSION = YES;
				CLANG_WARN_OBJC_LITERAL_CONVERSION = YES;
				CLANG_WARN_OBJC_ROOT_CLASS = YES_ERROR;
				CLANG_WARN_RANGE_LOOP_ANALYSIS = YES;
				CLANG_WARN_STRICT_PROTOTYPES = YES;
				CLANG_WARN_SUSPICIOUS_MOVE = YES;
				CLANG_WARN_UNGUARDED_AVAILABILITY = YES_AGGRESSIVE;
				CLANG_WARN_UNREACHABLE_CODE = YES;
				CLANG_WARN__DUPLICATE_METHOD_MATCH = YES;
				CODE_SIGN_IDENTITY = "iPhone Developer";
				COPY_PHASE_STRIP = NO;
				DEBUG_INFORMATION_FORMAT = dwarf;
				ENABLE_STRICT_OBJC_MSGSEND = YES;
				ENABLE_TESTABILITY = YES;
				GCC_C_LANGUAGE_STANDARD = gnu11;
				GCC_DYNAMIC_NO_PIC = NO;
				GCC_NO_COMMON_BLOCKS = YES;
				GCC_OPTIMIZATION_LEVEL = 0;
				GCC_PREPROCESSOR_DEFINITIONS = (
					"DEBUG=1",
					"$(inherited)",
				);
				GCC_WARN_64_TO_32_BIT_CONVERSION = YES;
				GCC_WARN_ABOUT_RETURN_TYPE = YES_ERROR;
				GCC_WARN_UNDECLARED_SELECTOR = YES;
				GCC_WARN_UNINITIALIZED_AUTOS = YES_AGGRESSIVE;
				GCC_WARN_UNUSED_FUNCTION = YES;
				GCC_WARN_UNUSED_VARIABLE = YES;
				IPHONEOS_DEPLOYMENT_TARGET = 11.0;
				MTL_ENABLE_DEBUG_INFO = YES;
				ONLY_ACTIVE_ARCH = YES;
				SDKROOT = iphoneos;
				SWIFT_ACTIVE_COMPILATION_CONDITIONS = DEBUG;
				SWIFT_OPTIMIZATION_LEVEL = "-Onone";
			};
			name = Debug;
		};
		A919918A1FA58F9F004B1EBA /* Release */ = {
			isa = XCBuildConfiguration;
			buildSettings = {
				ALWAYS_SEARCH_USER_PATHS = NO;
				CLANG_ANALYZER_NONNULL = YES;
				CLANG_ANALYZER_NUMBER_OBJECT_CONVERSION = YES_AGGRESSIVE;
				CLANG_CXX_LANGUAGE_STANDARD = "gnu++14";
				CLANG_CXX_LIBRARY = "libc++";
				CLANG_ENABLE_MODULES = YES;
				CLANG_ENABLE_OBJC_ARC = YES;
				CLANG_WARN_BLOCK_CAPTURE_AUTORELEASING = YES;
				CLANG_WARN_BOOL_CONVERSION = YES;
				CLANG_WARN_COMMA = YES;
				CLANG_WARN_CONSTANT_CONVERSION = YES;
				CLANG_WARN_DIRECT_OBJC_ISA_USAGE = YES_ERROR;
				CLANG_WARN_DOCUMENTATION_COMMENTS = YES;
				CLANG_WARN_EMPTY_BODY = YES;
				CLANG_WARN_ENUM_CONVERSION = YES;
				CLANG_WARN_INFINITE_RECURSION = YES;
				CLANG_WARN_INT_CONVERSION = YES;
				CLANG_WARN_NON_LITERAL_NULL_CONVERSION = YES;
				CLANG_WARN_OBJC_LITERAL_CONVERSION = YES;
				CLANG_WARN_OBJC_ROOT_CLASS = YES_ERROR;
				CLANG_WARN_RANGE_LOOP_ANALYSIS = YES;
				CLANG_WARN_STRICT_PROTOTYPES = YES;
				CLANG_WARN_SUSPICIOUS_MOVE = YES;
				CLANG_WARN_UNGUARDED_AVAILABILITY = YES_AGGRESSIVE;
				CLANG_WARN_UNREACHABLE_CODE = YES;
				CLANG_WARN__DUPLICATE_METHOD_MATCH = YES;
				CODE_SIGN_IDENTITY = "iPhone Developer";
				COPY_PHASE_STRIP = NO;
				DEBUG_INFORMATION_FORMAT = "dwarf-with-dsym";
				ENABLE_NS_ASSERTIONS = NO;
				ENABLE_STRICT_OBJC_MSGSEND = YES;
				GCC_C_LANGUAGE_STANDARD = gnu11;
				GCC_NO_COMMON_BLOCKS = YES;
				GCC_WARN_64_TO_32_BIT_CONVERSION = YES;
				GCC_WARN_ABOUT_RETURN_TYPE = YES_ERROR;
				GCC_WARN_UNDECLARED_SELECTOR = YES;
				GCC_WARN_UNINITIALIZED_AUTOS = YES_AGGRESSIVE;
				GCC_WARN_UNUSED_FUNCTION = YES;
				GCC_WARN_UNUSED_VARIABLE = YES;
				IPHONEOS_DEPLOYMENT_TARGET = 11.0;
				MTL_ENABLE_DEBUG_INFO = NO;
				SDKROOT = iphoneos;
				SWIFT_OPTIMIZATION_LEVEL = "-Owholemodule";
				VALIDATE_PRODUCT = YES;
			};
			name = Release;
		};
		A919918C1FA58F9F004B1EBA /* Debug */ = {
			isa = XCBuildConfiguration;
			buildSettings = {
				ASSETCATALOG_COMPILER_APPICON_NAME = AppIcon;
				CLANG_ENABLE_MODULES = YES;
				CODE_SIGN_STYLE = Automatic;
				INFOPLIST_FILE = NewVirtualTour/Info.plist;
				LD_RUNPATH_SEARCH_PATHS = "$(inherited) @executable_path/Frameworks";
				PRODUCT_BUNDLE_IDENTIFIER = com.CeceMobile.NewVirtualTour;
				PRODUCT_NAME = "$(TARGET_NAME)";
				SWIFT_OPTIMIZATION_LEVEL = "-Onone";
				SWIFT_VERSION = 4.0;
				TARGETED_DEVICE_FAMILY = "1,2";
			};
			name = Debug;
		};
		A919918D1FA58F9F004B1EBA /* Release */ = {
			isa = XCBuildConfiguration;
			buildSettings = {
				ASSETCATALOG_COMPILER_APPICON_NAME = AppIcon;
				CLANG_ENABLE_MODULES = YES;
				CODE_SIGN_STYLE = Automatic;
				INFOPLIST_FILE = NewVirtualTour/Info.plist;
				LD_RUNPATH_SEARCH_PATHS = "$(inherited) @executable_path/Frameworks";
				PRODUCT_BUNDLE_IDENTIFIER = com.CeceMobile.NewVirtualTour;
				PRODUCT_NAME = "$(TARGET_NAME)";
				SWIFT_VERSION = 4.0;
				TARGETED_DEVICE_FAMILY = "1,2";
			};
			name = Release;
		};
		A919918F1FA58F9F004B1EBA /* Debug */ = {
			isa = XCBuildConfiguration;
			buildSettings = {
				ALWAYS_EMBED_SWIFT_STANDARD_LIBRARIES = YES;
				BUNDLE_LOADER = "$(TEST_HOST)";
				CODE_SIGN_STYLE = Automatic;
				INFOPLIST_FILE = NewVirtualTourTests/Info.plist;
				LD_RUNPATH_SEARCH_PATHS = "$(inherited) @executable_path/Frameworks @loader_path/Frameworks";
				PRODUCT_BUNDLE_IDENTIFIER = com.CeceMobile.NewVirtualTourTests;
				PRODUCT_NAME = "$(TARGET_NAME)";
				SWIFT_VERSION = 4.0;
				TARGETED_DEVICE_FAMILY = "1,2";
				TEST_HOST = "$(BUILT_PRODUCTS_DIR)/NewVirtualTour.app/NewVirtualTour";
			};
			name = Debug;
		};
		A91991901FA58F9F004B1EBA /* Release */ = {
			isa = XCBuildConfiguration;
			buildSettings = {
				ALWAYS_EMBED_SWIFT_STANDARD_LIBRARIES = YES;
				BUNDLE_LOADER = "$(TEST_HOST)";
				CODE_SIGN_STYLE = Automatic;
				INFOPLIST_FILE = NewVirtualTourTests/Info.plist;
				LD_RUNPATH_SEARCH_PATHS = "$(inherited) @executable_path/Frameworks @loader_path/Frameworks";
				PRODUCT_BUNDLE_IDENTIFIER = com.CeceMobile.NewVirtualTourTests;
				PRODUCT_NAME = "$(TARGET_NAME)";
				SWIFT_VERSION = 4.0;
				TARGETED_DEVICE_FAMILY = "1,2";
				TEST_HOST = "$(BUILT_PRODUCTS_DIR)/NewVirtualTour.app/NewVirtualTour";
			};
			name = Release;
		};
		A91991921FA58F9F004B1EBA /* Debug */ = {
			isa = XCBuildConfiguration;
			buildSettings = {
				ALWAYS_EMBED_SWIFT_STANDARD_LIBRARIES = YES;
				CODE_SIGN_STYLE = Automatic;
				INFOPLIST_FILE = NewVirtualTourUITests/Info.plist;
				LD_RUNPATH_SEARCH_PATHS = "$(inherited) @executable_path/Frameworks @loader_path/Frameworks";
				PRODUCT_BUNDLE_IDENTIFIER = com.CeceMobile.NewVirtualTourUITests;
				PRODUCT_NAME = "$(TARGET_NAME)";
				SWIFT_VERSION = 4.0;
				TARGETED_DEVICE_FAMILY = "1,2";
				TEST_TARGET_NAME = NewVirtualTour;
			};
			name = Debug;
		};
		A91991931FA58F9F004B1EBA /* Release */ = {
			isa = XCBuildConfiguration;
			buildSettings = {
				ALWAYS_EMBED_SWIFT_STANDARD_LIBRARIES = YES;
				CODE_SIGN_STYLE = Automatic;
				INFOPLIST_FILE = NewVirtualTourUITests/Info.plist;
				LD_RUNPATH_SEARCH_PATHS = "$(inherited) @executable_path/Frameworks @loader_path/Frameworks";
				PRODUCT_BUNDLE_IDENTIFIER = com.CeceMobile.NewVirtualTourUITests;
				PRODUCT_NAME = "$(TARGET_NAME)";
				SWIFT_VERSION = 4.0;
				TARGETED_DEVICE_FAMILY = "1,2";
				TEST_TARGET_NAME = NewVirtualTour;
			};
			name = Release;
		};
/* End XCBuildConfiguration section */

/* Begin XCConfigurationList section */
		A919915E1FA58F9E004B1EBA /* Build configuration list for PBXProject "NewVirtualTour" */ = {
			isa = XCConfigurationList;
			buildConfigurations = (
				A91991891FA58F9F004B1EBA /* Debug */,
				A919918A1FA58F9F004B1EBA /* Release */,
			);
			defaultConfigurationIsVisible = 0;
			defaultConfigurationName = Release;
		};
		A919918B1FA58F9F004B1EBA /* Build configuration list for PBXNativeTarget "NewVirtualTour" */ = {
			isa = XCConfigurationList;
			buildConfigurations = (
				A919918C1FA58F9F004B1EBA /* Debug */,
				A919918D1FA58F9F004B1EBA /* Release */,
			);
			defaultConfigurationIsVisible = 0;
			defaultConfigurationName = Release;
		};
		A919918E1FA58F9F004B1EBA /* Build configuration list for PBXNativeTarget "NewVirtualTourTests" */ = {
			isa = XCConfigurationList;
			buildConfigurations = (
				A919918F1FA58F9F004B1EBA /* Debug */,
				A91991901FA58F9F004B1EBA /* Release */,
			);
			defaultConfigurationIsVisible = 0;
			defaultConfigurationName = Release;
		};
		A91991911FA58F9F004B1EBA /* Build configuration list for PBXNativeTarget "NewVirtualTourUITests" */ = {
			isa = XCConfigurationList;
			buildConfigurations = (
				A91991921FA58F9F004B1EBA /* Debug */,
				A91991931FA58F9F004B1EBA /* Release */,
			);
			defaultConfigurationIsVisible = 0;
			defaultConfigurationName = Release;
		};
/* End XCConfigurationList section */

/* Begin XCVersionGroup section */
		A91991941FA59347004B1EBA /* Model.xcdatamodeld */ = {
			isa = XCVersionGroup;
			children = (
				A91991951FA59347004B1EBA /* Model.xcdatamodel */,
			);
			currentVersion = A91991951FA59347004B1EBA /* Model.xcdatamodel */;
			path = Model.xcdatamodeld;
			sourceTree = "<group>";
			versionGroupType = wrapper.xcdatamodel;
		};
/* End XCVersionGroup section */
	};
	rootObject = A919915B1FA58F9E004B1EBA /* Project object */;
}
